
Microsoft Visual Studio Solution File, Format Version 12.00
# Visual Studio Version 17
VisualStudioVersion = 17.11.35312.102
MinimumVisualStudioVersion = 10.0.40219.1
Project("{FAE04EC0-301F-11D3-BF4B-00C04F79EFBC}") = "clase 1", "clase 1\clase 1.csproj", "{99CEDF23-598F-46A9-875D-474BA5E5461A}"
EndProject
Global
	GlobalSection(SolutionConfigurationPlatforms) = preSolution
		Debug|Any CPU = Debug|Any CPU
		Release|Any CPU = Release|Any CPU
	EndGlobalSection
	GlobalSection(ProjectConfigurationPlatforms) = postSolution
		{99CEDF23-598F-46A9-875D-474BA5E5461A}.Debug|Any CPU.ActiveCfg = Debug|Any CPU
		{99CEDF23-598F-46A9-875D-474BA5E5461A}.Debug|Any CPU.Build.0 = Debug|Any CPU
		{99CEDF23-598F-46A9-875D-474BA5E5461A}.Release|Any CPU.ActiveCfg = Release|Any CPU
		{99CEDF23-598F-46A9-875D-474BA5E5461A}.Release|Any CPU.Build.0 = Release|Any CPU
	EndGlobalSection
	GlobalSection(SolutionProperties) = preSolution
		HideSolutionNode = FALSE
	EndGlobalSection
	GlobalSection(ExtensibilityGlobals) = postSolution
		SolutionGuid = {124018F6-F0B1-4F35-BE93-553677D1446D}
	EndGlobalSection
EndGlobal
